Microsoft Visual Studio Solution File, Format Version 11.00
# Visual Studio 2008

Project("{A62EF8C9-0BA6-EDBA-611B-3B90A0D0E0A0}") = "Sengoku(null2x)", "Assembly-CSharp-firstpass.csproj", "{51273B9B-E04D-C134-6653-6AFC90CD726A}"
EndProject
Project("{A62EF8C9-0BA6-EDBA-611B-3B90A0D0E0A0}") = "Sengoku(null2x)", "Assembly-CSharp.csproj", "{6077D0D2-74E8-36B7-40E6-59D9372BB421}"
EndProject
Global
	GlobalSection(SolutionConfigurationPlatforms) = preSolution
		Debug|Any CPU = Debug|Any CPU
		Release|Any CPU = Release|Any CPU
	EndGlobalSection
	GlobalSection(ProjectConfigurationPlatforms) = postSolution
		{51273B9B-E04D-C134-6653-6AFC90CD726A}.Debug|Any CPU.ActiveCfg = Debug|Any CPU
		{51273B9B-E04D-C134-6653-6AFC90CD726A}.Debug|Any CPU.Build.0 = Debug|Any CPU
		{51273B9B-E04D-C134-6653-6AFC90CD726A}.Release|Any CPU.ActiveCfg = Release|Any CPU
		{51273B9B-E04D-C134-6653-6AFC90CD726A}.Release|Any CPU.Build.0 = Release|Any CPU
		{6077D0D2-74E8-36B7-40E6-59D9372BB421}.Debug|Any CPU.ActiveCfg = Debug|Any CPU
		{6077D0D2-74E8-36B7-40E6-59D9372BB421}.Debug|Any CPU.Build.0 = Debug|Any CPU
		{6077D0D2-74E8-36B7-40E6-59D9372BB421}.Release|Any CPU.ActiveCfg = Release|Any CPU
		{6077D0D2-74E8-36B7-40E6-59D9372BB421}.Release|Any CPU.Build.0 = Release|Any CPU
	EndGlobalSection
	GlobalSection(SolutionProperties) = preSolution
		HideSolutionNode = FALSE
	EndGlobalSection
	GlobalSection(MonoDevelopProperties) = preSolution
		StartupItem = Assembly-CSharp.csproj
	EndGlobalSection
EndGlobal
