
Microsoft Visual Studio Solution File, Format Version 11.00
# Visual Studio 2010
Project("{FAE04EC0-301F-11D3-BF4B-00C04F79EFBC}") = "vr_sengoku", "Assembly-CSharp-firstpass.csproj", "{76F9DBF0-3A14-2A2F-2737-A160168560E1}"
EndProject
Project("{FAE04EC0-301F-11D3-BF4B-00C04F79EFBC}") = "vr_sengoku", "Assembly-CSharp.csproj", "{E4154F0D-FD6E-4DE1-8539-768245CD639E}"
EndProject
Project("{FAE04EC0-301F-11D3-BF4B-00C04F79EFBC}") = "vr_sengoku", "Assembly-CSharp-Editor-firstpass.csproj", "{6A3ABC36-8577-4985-E28B-6C139C72E273}"
EndProject
Project("{FAE04EC0-301F-11D3-BF4B-00C04F79EFBC}") = "vr_sengoku", "Assembly-CSharp-Editor.csproj", "{B02BFAE6-1AC5-68E0-D1A1-8FBEFBAD3FE6}"
EndProject
Project("{2E6A5B66-4690-9364-7AE0-9B6E47BC9C14}") = "vr_sengoku", "Assembly-UnityScript.unityproj", "{C6875BBB-DBFA-9781-5617-0CF0AA5938EF}"
EndProject
Project("{2E6A5B66-4690-9364-7AE0-9B6E47BC9C14}") = "vr_sengoku", "Assembly-UnityScript-Editor.unityproj", "{5CD626F8-1868-9F49-38B5-697940835C7C}"
EndProject
Global
	GlobalSection(SolutionConfigurationPlatforms) = preSolution
		Debug|Any CPU = Debug|Any CPU
		Release|Any CPU = Release|Any CPU
	EndGlobalSection
	GlobalSection(ProjectConfigurationPlatforms) = postSolution
		{76F9DBF0-3A14-2A2F-2737-A160168560E1}.Debug|Any CPU.ActiveCfg = Debug|Any CPU
		{76F9DBF0-3A14-2A2F-2737-A160168560E1}.Debug|Any CPU.Build.0 = Debug|Any CPU
		{76F9DBF0-3A14-2A2F-2737-A160168560E1}.Release|Any CPU.ActiveCfg = Release|Any CPU
		{76F9DBF0-3A14-2A2F-2737-A160168560E1}.Release|Any CPU.Build.0 = Release|Any CPU
		{E4154F0D-FD6E-4DE1-8539-768245CD639E}.Debug|Any CPU.ActiveCfg = Debug|Any CPU
		{E4154F0D-FD6E-4DE1-8539-768245CD639E}.Debug|Any CPU.Build.0 = Debug|Any CPU
		{E4154F0D-FD6E-4DE1-8539-768245CD639E}.Release|Any CPU.ActiveCfg = Release|Any CPU
		{E4154F0D-FD6E-4DE1-8539-768245CD639E}.Release|Any CPU.Build.0 = Release|Any CPU
		{6A3ABC36-8577-4985-E28B-6C139C72E273}.Debug|Any CPU.ActiveCfg = Debug|Any CPU
		{6A3ABC36-8577-4985-E28B-6C139C72E273}.Debug|Any CPU.Build.0 = Debug|Any CPU
		{6A3ABC36-8577-4985-E28B-6C139C72E273}.Release|Any CPU.ActiveCfg = Release|Any CPU
		{6A3ABC36-8577-4985-E28B-6C139C72E273}.Release|Any CPU.Build.0 = Release|Any CPU
		{B02BFAE6-1AC5-68E0-D1A1-8FBEFBAD3FE6}.Debug|Any CPU.ActiveCfg = Debug|Any CPU
		{B02BFAE6-1AC5-68E0-D1A1-8FBEFBAD3FE6}.Debug|Any CPU.Build.0 = Debug|Any CPU
		{B02BFAE6-1AC5-68E0-D1A1-8FBEFBAD3FE6}.Release|Any CPU.ActiveCfg = Release|Any CPU
		{B02BFAE6-1AC5-68E0-D1A1-8FBEFBAD3FE6}.Release|Any CPU.Build.0 = Release|Any CPU
		{C6875BBB-DBFA-9781-5617-0CF0AA5938EF}.Debug|Any CPU.ActiveCfg = Debug|Any CPU
		{C6875BBB-DBFA-9781-5617-0CF0AA5938EF}.Debug|Any CPU.Build.0 = Debug|Any CPU
		{C6875BBB-DBFA-9781-5617-0CF0AA5938EF}.Release|Any CPU.ActiveCfg = Release|Any CPU
		{C6875BBB-DBFA-9781-5617-0CF0AA5938EF}.Release|Any CPU.Build.0 = Release|Any CPU
		{5CD626F8-1868-9F49-38B5-697940835C7C}.Debug|Any CPU.ActiveCfg = Debug|Any CPU
		{5CD626F8-1868-9F49-38B5-697940835C7C}.Debug|Any CPU.Build.0 = Debug|Any CPU
		{5CD626F8-1868-9F49-38B5-697940835C7C}.Release|Any CPU.ActiveCfg = Release|Any CPU
		{5CD626F8-1868-9F49-38B5-697940835C7C}.Release|Any CPU.Build.0 = Release|Any CPU
	EndGlobalSection
	GlobalSection(SolutionProperties) = preSolution
		HideSolutionNode = FALSE
	EndGlobalSection
	GlobalSection(MonoDevelopProperties) = preSolution
		StartupItem = Assembly-CSharp.csproj
	EndGlobalSection
EndGlobal
